
Microsoft Visual Studio Solution File, Format Version 12.00
# Visual Studio Version 17
VisualStudioVersion = 17.14.36705.20 d17.14
MinimumVisualStudioVersion = 10.0.40219.1
Project("{FAE04EC0-301F-11D3-BF4B-00C04F79EFBC}") = "DoodleJump", "DoodleJump\DoodleJump.csproj", "{22D12DED-FFF4-4FB4-A089-25DF5BB67D02}"
EndProject
Global
	GlobalSection(SolutionConfigurationPlatforms) = preSolution
		Debug|Any CPU = Debug|Any CPU
		Release|Any CPU = Release|Any CPU
	EndGlobalSection
	GlobalSection(ProjectConfigurationPlatforms) = postSolution
		{22D12DED-FFF4-4FB4-A089-25DF5BB67D02}.Debug|Any CPU.ActiveCfg = Debug|Any CPU
		{22D12DED-FFF4-4FB4-A089-25DF5BB67D02}.Debug|Any CPU.Build.0 = Debug|Any CPU
		{22D12DED-FFF4-4FB4-A089-25DF5BB67D02}.Release|Any CPU.ActiveCfg = Release|Any CPU
		{22D12DED-FFF4-4FB4-A089-25DF5BB67D02}.Release|Any CPU.Build.0 = Release|Any CPU
	EndGlobalSection
	GlobalSection(SolutionProperties) = preSolution
		HideSolutionNode = FALSE
	EndGlobalSection
	GlobalSection(ExtensibilityGlobals) = postSolution
		SolutionGuid = {713CC9E1-5242-4936-AE73-90C1B59F0267}
	EndGlobalSection
EndGlobal
